
Microsoft Visual Studio Solution File, Format Version 12.00
# Visual Studio Version 17
VisualStudioVersion = 17.1.32210.238
MinimumVisualStudioVersion = 10.0.40219.1
Project("{FAE04EC0-301F-11D3-BF4B-00C04F79EFBC}") = "1주차-001", "1주차-001\1주차-001.csproj", "{D0B0366E-4D4E-4D6F-9AB8-880B47F38481}"
EndProject
Project("{FAE04EC0-301F-11D3-BF4B-00C04F79EFBC}") = "1주차-002", "1주차-002\1주차-002.csproj", "{AA999F98-A54D-4FCA-8F31-8C93365F9C6B}"
EndProject
Project("{FAE04EC0-301F-11D3-BF4B-00C04F79EFBC}") = "1주차-003", "1주차-003\1주차-003.csproj", "{CBB292AF-B27D-44B9-A5B8-AC873D3B18E8}"
EndProject
Project("{FAE04EC0-301F-11D3-BF4B-00C04F79EFBC}") = "1주차-004", "1주차-004\1주차-004.csproj", "{6F9C78A8-D2B3-40B7-BF22-CA931E3BC998}"
EndProject
Project("{FAE04EC0-301F-11D3-BF4B-00C04F79EFBC}") = "2주차-001", "2주차-001\2주차-001.csproj", "{D3213F66-EEAC-43AA-9230-4C46FA9F7B31}"
EndProject
Project("{FAE04EC0-301F-11D3-BF4B-00C04F79EFBC}") = "2주차-002", "2주차-002\2주차-002.csproj", "{AA9F9E68-E34A-4246-82C6-A89E6A9C304E}"
EndProject
Project("{2150E333-8FDC-42A3-9474-1A3956D46DE8}") = "1주차", "1주차", "{D74FB73E-39FD-4193-B820-077FC4E5F868}"
EndProject
Project("{2150E333-8FDC-42A3-9474-1A3956D46DE8}") = "2주차", "2주차", "{5EDA7B66-1679-47A4-BDDB-8E3F021690F2}"
EndProject
Project("{FAE04EC0-301F-11D3-BF4B-00C04F79EFBC}") = "BinaryFile", "BinaryFile\BinaryFile.csproj", "{6F6D9E6D-4605-4F35-AF7D-873C9961E2D2}"
EndProject
Project("{FAE04EC0-301F-11D3-BF4B-00C04F79EFBC}") = "BasicIO", "BasicIO\BasicIO.csproj", "{59086006-6A05-4810-8B03-E4B19A58A63F}"
EndProject
Project("{9A19103F-16F7-4668-BE54-9A1E7A4F7556}") = "SerializingCollection", "SerializingCollection\SerializingCollection.csproj", "{90F14522-D6A5-453A-914A-A461790E5288}"
EndProject
Project("{2150E333-8FDC-42A3-9474-1A3956D46DE8}") = "5주차", "5주차", "{44B1BF6F-9629-4CC3-9483-2BECA11AC2E7}"
EndProject
Project("{FAE04EC0-301F-11D3-BF4B-00C04F79EFBC}") = "A033_ConstAndReadonly", "A033_ConstAndReadonly\A033_ConstAndReadonly.csproj", "{C90C5F71-C32A-452D-AFE3-12D3EB7F578E}"
EndProject
Project("{FAE04EC0-301F-11D3-BF4B-00C04F79EFBC}") = "A034_ValueAndReference", "A034_ValueAndReference\A034_ValueAndReference.csproj", "{65524003-8089-40E6-A929-507059DE0FBE}"
EndProject
Project("{FAE04EC0-301F-11D3-BF4B-00C04F79EFBC}") = "A035_PassingArrayAndObject", "A035_PassingArrayAndObject\A035_PassingArrayAndObject.csproj", "{BA3D2BDB-0C92-4AEA-990C-8B3BA09A9B14}"
EndProject
Project("{FAE04EC0-301F-11D3-BF4B-00C04F79EFBC}") = "A036_NullCOnditionalOperator", "A036_NullCOnditionalOperator\A036_NullCOnditionalOperator.csproj", "{6C6701B1-FE9F-42C5-BBDF-C9DC3439C9CD}"
EndProject
Project("{FAE04EC0-301F-11D3-BF4B-00C04F79EFBC}") = "A037_Default", "A037_Default\A037_Default.csproj", "{74B501D7-8D2A-4371-A1A5-D5745D3A9C02}"
EndProject
Project("{FAE04EC0-301F-11D3-BF4B-00C04F79EFBC}") = "A038_Nullable", "A038_Nullable\A038_Nullable.csproj", "{CB9994FF-0B28-4ADB-9EDF-C4053CB8D8F8}"
EndProject
Project("{FAE04EC0-301F-11D3-BF4B-00C04F79EFBC}") = "A039_Object", "A039_Object\A039_Object.csproj", "{C33EB577-23C3-4A5E-A754-06AC3D0C6096}"
EndProject
Project("{FAE04EC0-301F-11D3-BF4B-00C04F79EFBC}") = "A040_LeapYear", "A040_LeapYear\A040_LeapYear.csproj", "{491DE89A-5D39-4C83-BBB8-1E71E48DEAEA}"
EndProject
Project("{FAE04EC0-301F-11D3-BF4B-00C04F79EFBC}") = "A041_Grading", "A041_Grading\A041_Grading.csproj", "{1CF339E2-BEDD-435F-9021-7352DE941097}"
EndProject
Project("{FAE04EC0-301F-11D3-BF4B-00C04F79EFBC}") = "A042_BMI", "A042_BMI\A042_BMI.csproj", "{82B25717-BDCC-4A33-A6CA-7D32B4FE0C41}"
EndProject
Project("{FAE04EC0-301F-11D3-BF4B-00C04F79EFBC}") = "A043_Loop", "A043_Loop\A043_Loop.csproj", "{0A8E0877-AB1F-40F0-A01E-8B04453389AA}"
EndProject
Project("{FAE04EC0-301F-11D3-BF4B-00C04F79EFBC}") = "A044_NumberSystem", "A044_NumberSystem\A044_NumberSystem.csproj", "{85C177FC-5BF7-43D7-A3E8-30B620539E41}"
EndProject
Project("{FAE04EC0-301F-11D3-BF4B-00C04F79EFBC}") = "A045_MultiplicationTable", "A045_MultiplicationTable\A045_MultiplicationTable.csproj", "{2BF055A8-619B-42DC-AF79-93DFE78A20F5}"
EndProject
Project("{FAE04EC0-301F-11D3-BF4B-00C04F79EFBC}") = "A046_MinMax", "A046_MinMax\A046_MinMax.csproj", "{158EDF7D-F37F-487D-9EFB-4A8AA568A449}"
EndProject
Project("{FAE04EC0-301F-11D3-BF4B-00C04F79EFBC}") = "A047_Power", "A047_Power\A047_Power.csproj", "{431F0B64-3A67-4A68-9D3E-FD7278E71EFF}"
EndProject
Project("{FAE04EC0-301F-11D3-BF4B-00C04F79EFBC}") = "A048_Factorial", "A048_Factorial\A048_Factorial.csproj", "{B85CA8BA-32B5-4FF7-AEC2-186DF92AED40}"
EndProject
Project("{FAE04EC0-301F-11D3-BF4B-00C04F79EFBC}") = "A049_PrimeNumber", "A049_PrimeNumber\A049_PrimeNumber.csproj", "{FE011693-9920-40B3-B72C-1A97B2777B3B}"
EndProject
Project("{FAE04EC0-301F-11D3-BF4B-00C04F79EFBC}") = "A050_FindingPI", "A050_FindingPI\A050_FindingPI.csproj", "{74FAE170-98E7-4FF0-995C-1B46E99D07B3}"
EndProject
Project("{FAE04EC0-301F-11D3-BF4B-00C04F79EFBC}") = "A051_InfiniteLoop", "A051_InfiniteLoop\A051_InfiniteLoop.csproj", "{95E05D09-33A3-4705-9E1D-267A78599601}"
EndProject
Project("{FAE04EC0-301F-11D3-BF4B-00C04F79EFBC}") = "A052_UsingBreak", "A052_UsingBreak\A052_UsingBreak.csproj", "{DB17EEBB-D6B2-4E8D-A3F5-5934227E8889}"
EndProject
Global
	GlobalSection(SolutionConfigurationPlatforms) = preSolution
		Debug|Any CPU = Debug|Any CPU
		Debug|x64 = Debug|x64
		Debug|x86 = Debug|x86
		Release|Any CPU = Release|Any CPU
		Release|x64 = Release|x64
		Release|x86 = Release|x86
	EndGlobalSection
	GlobalSection(ProjectConfigurationPlatforms) = postSolution
		{D0B0366E-4D4E-4D6F-9AB8-880B47F38481}.Debug|Any CPU.ActiveCfg = Debug|Any CPU
		{D0B0366E-4D4E-4D6F-9AB8-880B47F38481}.Debug|Any CPU.Build.0 = Debug|Any CPU
		{D0B0366E-4D4E-4D6F-9AB8-880B47F38481}.Debug|x64.ActiveCfg = Debug|Any CPU
		{D0B0366E-4D4E-4D6F-9AB8-880B47F38481}.Debug|x86.ActiveCfg = Debug|Any CPU
		{D0B0366E-4D4E-4D6F-9AB8-880B47F38481}.Release|Any CPU.ActiveCfg = Release|Any CPU
		{D0B0366E-4D4E-4D6F-9AB8-880B47F38481}.Release|Any CPU.Build.0 = Release|Any CPU
		{D0B0366E-4D4E-4D6F-9AB8-880B47F38481}.Release|x64.ActiveCfg = Release|Any CPU
		{D0B0366E-4D4E-4D6F-9AB8-880B47F38481}.Release|x86.ActiveCfg = Release|Any CPU
		{AA999F98-A54D-4FCA-8F31-8C93365F9C6B}.Debug|Any CPU.ActiveCfg = Debug|Any CPU
		{AA999F98-A54D-4FCA-8F31-8C93365F9C6B}.Debug|Any CPU.Build.0 = Debug|Any CPU
		{AA999F98-A54D-4FCA-8F31-8C93365F9C6B}.Debug|x64.ActiveCfg = Debug|Any CPU
		{AA999F98-A54D-4FCA-8F31-8C93365F9C6B}.Debug|x86.ActiveCfg = Debug|Any CPU
		{AA999F98-A54D-4FCA-8F31-8C93365F9C6B}.Release|Any CPU.ActiveCfg = Release|Any CPU
		{AA999F98-A54D-4FCA-8F31-8C93365F9C6B}.Release|Any CPU.Build.0 = Release|Any CPU
		{AA999F98-A54D-4FCA-8F31-8C93365F9C6B}.Release|x64.ActiveCfg = Release|Any CPU
		{AA999F98-A54D-4FCA-8F31-8C93365F9C6B}.Release|x86.ActiveCfg = Release|Any CPU
		{CBB292AF-B27D-44B9-A5B8-AC873D3B18E8}.Debug|Any CPU.ActiveCfg = Debug|Any CPU
		{CBB292AF-B27D-44B9-A5B8-AC873D3B18E8}.Debug|Any CPU.Build.0 = Debug|Any CPU
		{CBB292AF-B27D-44B9-A5B8-AC873D3B18E8}.Debug|x64.ActiveCfg = Debug|Any CPU
		{CBB292AF-B27D-44B9-A5B8-AC873D3B18E8}.Debug|x86.ActiveCfg = Debug|Any CPU
		{CBB292AF-B27D-44B9-A5B8-AC873D3B18E8}.Release|Any CPU.ActiveCfg = Release|Any CPU
		{CBB292AF-B27D-44B9-A5B8-AC873D3B18E8}.Release|Any CPU.Build.0 = Release|Any CPU
		{CBB292AF-B27D-44B9-A5B8-AC873D3B18E8}.Release|x64.ActiveCfg = Release|Any CPU
		{CBB292AF-B27D-44B9-A5B8-AC873D3B18E8}.Release|x86.ActiveCfg = Release|Any CPU
		{6F9C78A8-D2B3-40B7-BF22-CA931E3BC998}.Debug|Any CPU.ActiveCfg = Debug|Any CPU
		{6F9C78A8-D2B3-40B7-BF22-CA931E3BC998}.Debug|Any CPU.Build.0 = Debug|Any CPU
		{6F9C78A8-D2B3-40B7-BF22-CA931E3BC998}.Debug|x64.ActiveCfg = Debug|Any CPU
		{6F9C78A8-D2B3-40B7-BF22-CA931E3BC998}.Debug|x86.ActiveCfg = Debug|Any CPU
		{6F9C78A8-D2B3-40B7-BF22-CA931E3BC998}.Release|Any CPU.ActiveCfg = Release|Any CPU
		{6F9C78A8-D2B3-40B7-BF22-CA931E3BC998}.Release|Any CPU.Build.0 = Release|Any CPU
		{6F9C78A8-D2B3-40B7-BF22-CA931E3BC998}.Release|x64.ActiveCfg = Release|Any CPU
		{6F9C78A8-D2B3-40B7-BF22-CA931E3BC998}.Release|x86.ActiveCfg = Release|Any CPU
		{D3213F66-EEAC-43AA-9230-4C46FA9F7B31}.Debug|Any CPU.ActiveCfg = Debug|Any CPU
		{D3213F66-EEAC-43AA-9230-4C46FA9F7B31}.Debug|Any CPU.Build.0 = Debug|Any CPU
		{D3213F66-EEAC-43AA-9230-4C46FA9F7B31}.Debug|x64.ActiveCfg = Debug|Any CPU
		{D3213F66-EEAC-43AA-9230-4C46FA9F7B31}.Debug|x86.ActiveCfg = Debug|Any CPU
		{D3213F66-EEAC-43AA-9230-4C46FA9F7B31}.Release|Any CPU.ActiveCfg = Release|Any CPU
		{D3213F66-EEAC-43AA-9230-4C46FA9F7B31}.Release|Any CPU.Build.0 = Release|Any CPU
		{D3213F66-EEAC-43AA-9230-4C46FA9F7B31}.Release|x64.ActiveCfg = Release|Any CPU
		{D3213F66-EEAC-43AA-9230-4C46FA9F7B31}.Release|x86.ActiveCfg = Release|Any CPU
		{AA9F9E68-E34A-4246-82C6-A89E6A9C304E}.Debug|Any CPU.ActiveCfg = Debug|Any CPU
		{AA9F9E68-E34A-4246-82C6-A89E6A9C304E}.Debug|Any CPU.Build.0 = Debug|Any CPU
		{AA9F9E68-E34A-4246-82C6-A89E6A9C304E}.Debug|x64.ActiveCfg = Debug|Any CPU
		{AA9F9E68-E34A-4246-82C6-A89E6A9C304E}.Debug|x86.ActiveCfg = Debug|Any CPU
		{AA9F9E68-E34A-4246-82C6-A89E6A9C304E}.Release|Any CPU.ActiveCfg = Release|Any CPU
		{AA9F9E68-E34A-4246-82C6-A89E6A9C304E}.Release|Any CPU.Build.0 = Release|Any CPU
		{AA9F9E68-E34A-4246-82C6-A89E6A9C304E}.Release|x64.ActiveCfg = Release|Any CPU
		{AA9F9E68-E34A-4246-82C6-A89E6A9C304E}.Release|x86.ActiveCfg = Release|Any CPU
		{6F6D9E6D-4605-4F35-AF7D-873C9961E2D2}.Debug|Any CPU.ActiveCfg = Debug|Any CPU
		{6F6D9E6D-4605-4F35-AF7D-873C9961E2D2}.Debug|Any CPU.Build.0 = Debug|Any CPU
		{6F6D9E6D-4605-4F35-AF7D-873C9961E2D2}.Debug|x64.ActiveCfg = Debug|Any CPU
		{6F6D9E6D-4605-4F35-AF7D-873C9961E2D2}.Debug|x64.Build.0 = Debug|Any CPU
		{6F6D9E6D-4605-4F35-AF7D-873C9961E2D2}.Debug|x86.ActiveCfg = Debug|Any CPU
		{6F6D9E6D-4605-4F35-AF7D-873C9961E2D2}.Debug|x86.Build.0 = Debug|Any CPU
		{6F6D9E6D-4605-4F35-AF7D-873C9961E2D2}.Release|Any CPU.ActiveCfg = Release|Any CPU
		{6F6D9E6D-4605-4F35-AF7D-873C9961E2D2}.Release|Any CPU.Build.0 = Release|Any CPU
		{6F6D9E6D-4605-4F35-AF7D-873C9961E2D2}.Release|x64.ActiveCfg = Release|Any CPU
		{6F6D9E6D-4605-4F35-AF7D-873C9961E2D2}.Release|x64.Build.0 = Release|Any CPU
		{6F6D9E6D-4605-4F35-AF7D-873C9961E2D2}.Release|x86.ActiveCfg = Release|Any CPU
		{6F6D9E6D-4605-4F35-AF7D-873C9961E2D2}.Release|x86.Build.0 = Release|Any CPU
		{59086006-6A05-4810-8B03-E4B19A58A63F}.Debug|Any CPU.ActiveCfg = Debug|Any CPU
		{59086006-6A05-4810-8B03-E4B19A58A63F}.Debug|Any CPU.Build.0 = Debug|Any CPU
		{59086006-6A05-4810-8B03-E4B19A58A63F}.Debug|x64.ActiveCfg = Debug|Any CPU
		{59086006-6A05-4810-8B03-E4B19A58A63F}.Debug|x64.Build.0 = Debug|Any CPU
		{59086006-6A05-4810-8B03-E4B19A58A63F}.Debug|x86.ActiveCfg = Debug|Any CPU
		{59086006-6A05-4810-8B03-E4B19A58A63F}.Debug|x86.Build.0 = Debug|Any CPU
		{59086006-6A05-4810-8B03-E4B19A58A63F}.Release|Any CPU.ActiveCfg = Release|Any CPU
		{59086006-6A05-4810-8B03-E4B19A58A63F}.Release|Any CPU.Build.0 = Release|Any CPU
		{59086006-6A05-4810-8B03-E4B19A58A63F}.Release|x64.ActiveCfg = Release|Any CPU
		{59086006-6A05-4810-8B03-E4B19A58A63F}.Release|x64.Build.0 = Release|Any CPU
		{59086006-6A05-4810-8B03-E4B19A58A63F}.Release|x86.ActiveCfg = Release|Any CPU
		{59086006-6A05-4810-8B03-E4B19A58A63F}.Release|x86.Build.0 = Release|Any CPU
		{90F14522-D6A5-453A-914A-A461790E5288}.Debug|Any CPU.ActiveCfg = Debug|Any CPU
		{90F14522-D6A5-453A-914A-A461790E5288}.Debug|Any CPU.Build.0 = Debug|Any CPU
		{90F14522-D6A5-453A-914A-A461790E5288}.Debug|x64.ActiveCfg = Debug|Any CPU
		{90F14522-D6A5-453A-914A-A461790E5288}.Debug|x64.Build.0 = Debug|Any CPU
		{90F14522-D6A5-453A-914A-A461790E5288}.Debug|x86.ActiveCfg = Debug|Any CPU
		{90F14522-D6A5-453A-914A-A461790E5288}.Debug|x86.Build.0 = Debug|Any CPU
		{90F14522-D6A5-453A-914A-A461790E5288}.Release|Any CPU.ActiveCfg = Release|Any CPU
		{90F14522-D6A5-453A-914A-A461790E5288}.Release|Any CPU.Build.0 = Release|Any CPU
		{90F14522-D6A5-453A-914A-A461790E5288}.Release|x64.ActiveCfg = Release|Any CPU
		{90F14522-D6A5-453A-914A-A461790E5288}.Release|x64.Build.0 = Release|Any CPU
		{90F14522-D6A5-453A-914A-A461790E5288}.Release|x86.ActiveCfg = Release|Any CPU
		{90F14522-D6A5-453A-914A-A461790E5288}.Release|x86.Build.0 = Release|Any CPU
		{C90C5F71-C32A-452D-AFE3-12D3EB7F578E}.Debug|Any CPU.ActiveCfg = Debug|Any CPU
		{C90C5F71-C32A-452D-AFE3-12D3EB7F578E}.Debug|Any CPU.Build.0 = Debug|Any CPU
		{C90C5F71-C32A-452D-AFE3-12D3EB7F578E}.Debug|x64.ActiveCfg = Debug|Any CPU
		{C90C5F71-C32A-452D-AFE3-12D3EB7F578E}.Debug|x64.Build.0 = Debug|Any CPU
		{C90C5F71-C32A-452D-AFE3-12D3EB7F578E}.Debug|x86.ActiveCfg = Debug|Any CPU
		{C90C5F71-C32A-452D-AFE3-12D3EB7F578E}.Debug|x86.Build.0 = Debug|Any CPU
		{C90C5F71-C32A-452D-AFE3-12D3EB7F578E}.Release|Any CPU.ActiveCfg = Release|Any CPU
		{C90C5F71-C32A-452D-AFE3-12D3EB7F578E}.Release|Any CPU.Build.0 = Release|Any CPU
		{C90C5F71-C32A-452D-AFE3-12D3EB7F578E}.Release|x64.ActiveCfg = Release|Any CPU
		{C90C5F71-C32A-452D-AFE3-12D3EB7F578E}.Release|x64.Build.0 = Release|Any CPU
		{C90C5F71-C32A-452D-AFE3-12D3EB7F578E}.Release|x86.ActiveCfg = Release|Any CPU
		{C90C5F71-C32A-452D-AFE3-12D3EB7F578E}.Release|x86.Build.0 = Release|Any CPU
		{65524003-8089-40E6-A929-507059DE0FBE}.Debug|Any CPU.ActiveCfg = Debug|Any CPU
		{65524003-8089-40E6-A929-507059DE0FBE}.Debug|Any CPU.Build.0 = Debug|Any CPU
		{65524003-8089-40E6-A929-507059DE0FBE}.Debug|x64.ActiveCfg = Debug|Any CPU
		{65524003-8089-40E6-A929-507059DE0FBE}.Debug|x64.Build.0 = Debug|Any CPU
		{65524003-8089-40E6-A929-507059DE0FBE}.Debug|x86.ActiveCfg = Debug|Any CPU
		{65524003-8089-40E6-A929-507059DE0FBE}.Debug|x86.Build.0 = Debug|Any CPU
		{65524003-8089-40E6-A929-507059DE0FBE}.Release|Any CPU.ActiveCfg = Release|Any CPU
		{65524003-8089-40E6-A929-507059DE0FBE}.Release|Any CPU.Build.0 = Release|Any CPU
		{65524003-8089-40E6-A929-507059DE0FBE}.Release|x64.ActiveCfg = Release|Any CPU
		{65524003-8089-40E6-A929-507059DE0FBE}.Release|x64.Build.0 = Release|Any CPU
		{65524003-8089-40E6-A929-507059DE0FBE}.Release|x86.ActiveCfg = Release|Any CPU
		{65524003-8089-40E6-A929-507059DE0FBE}.Release|x86.Build.0 = Release|Any CPU
		{BA3D2BDB-0C92-4AEA-990C-8B3BA09A9B14}.Debug|Any CPU.ActiveCfg = Debug|Any CPU
		{BA3D2BDB-0C92-4AEA-990C-8B3BA09A9B14}.Debug|Any CPU.Build.0 = Debug|Any CPU
		{BA3D2BDB-0C92-4AEA-990C-8B3BA09A9B14}.Debug|x64.ActiveCfg = Debug|Any CPU
		{BA3D2BDB-0C92-4AEA-990C-8B3BA09A9B14}.Debug|x64.Build.0 = Debug|Any CPU
		{BA3D2BDB-0C92-4AEA-990C-8B3BA09A9B14}.Debug|x86.ActiveCfg = Debug|Any CPU
		{BA3D2BDB-0C92-4AEA-990C-8B3BA09A9B14}.Debug|x86.Build.0 = Debug|Any CPU
		{BA3D2BDB-0C92-4AEA-990C-8B3BA09A9B14}.Release|Any CPU.ActiveCfg = Release|Any CPU
		{BA3D2BDB-0C92-4AEA-990C-8B3BA09A9B14}.Release|Any CPU.Build.0 = Release|Any CPU
		{BA3D2BDB-0C92-4AEA-990C-8B3BA09A9B14}.Release|x64.ActiveCfg = Release|Any CPU
		{BA3D2BDB-0C92-4AEA-990C-8B3BA09A9B14}.Release|x64.Build.0 = Release|Any CPU
		{BA3D2BDB-0C92-4AEA-990C-8B3BA09A9B14}.Release|x86.ActiveCfg = Release|Any CPU
		{BA3D2BDB-0C92-4AEA-990C-8B3BA09A9B14}.Release|x86.Build.0 = Release|Any CPU
		{6C6701B1-FE9F-42C5-BBDF-C9DC3439C9CD}.Debug|Any CPU.ActiveCfg = Debug|Any CPU
		{6C6701B1-FE9F-42C5-BBDF-C9DC3439C9CD}.Debug|Any CPU.Build.0 = Debug|Any CPU
		{6C6701B1-FE9F-42C5-BBDF-C9DC3439C9CD}.Debug|x64.ActiveCfg = Debug|Any CPU
		{6C6701B1-FE9F-42C5-BBDF-C9DC3439C9CD}.Debug|x64.Build.0 = Debug|Any CPU
		{6C6701B1-FE9F-42C5-BBDF-C9DC3439C9CD}.Debug|x86.ActiveCfg = Debug|Any CPU
		{6C6701B1-FE9F-42C5-BBDF-C9DC3439C9CD}.Debug|x86.Build.0 = Debug|Any CPU
		{6C6701B1-FE9F-42C5-BBDF-C9DC3439C9CD}.Release|Any CPU.ActiveCfg = Release|Any CPU
		{6C6701B1-FE9F-42C5-BBDF-C9DC3439C9CD}.Release|Any CPU.Build.0 = Release|Any CPU
		{6C6701B1-FE9F-42C5-BBDF-C9DC3439C9CD}.Release|x64.ActiveCfg = Release|Any CPU
		{6C6701B1-FE9F-42C5-BBDF-C9DC3439C9CD}.Release|x64.Build.0 = Release|Any CPU
		{6C6701B1-FE9F-42C5-BBDF-C9DC3439C9CD}.Release|x86.ActiveCfg = Release|Any CPU
		{6C6701B1-FE9F-42C5-BBDF-C9DC3439C9CD}.Release|x86.Build.0 = Release|Any CPU
		{74B501D7-8D2A-4371-A1A5-D5745D3A9C02}.Debug|Any CPU.ActiveCfg = Debug|Any CPU
		{74B501D7-8D2A-4371-A1A5-D5745D3A9C02}.Debug|Any CPU.Build.0 = Debug|Any CPU
		{74B501D7-8D2A-4371-A1A5-D5745D3A9C02}.Debug|x64.ActiveCfg = Debug|Any CPU
		{74B501D7-8D2A-4371-A1A5-D5745D3A9C02}.Debug|x64.Build.0 = Debug|Any CPU
		{74B501D7-8D2A-4371-A1A5-D5745D3A9C02}.Debug|x86.ActiveCfg = Debug|Any CPU
		{74B501D7-8D2A-4371-A1A5-D5745D3A9C02}.Debug|x86.Build.0 = Debug|Any CPU
		{74B501D7-8D2A-4371-A1A5-D5745D3A9C02}.Release|Any CPU.ActiveCfg = Release|Any CPU
		{74B501D7-8D2A-4371-A1A5-D5745D3A9C02}.Release|Any CPU.Build.0 = Release|Any CPU
		{74B501D7-8D2A-4371-A1A5-D5745D3A9C02}.Release|x64.ActiveCfg = Release|Any CPU
		{74B501D7-8D2A-4371-A1A5-D5745D3A9C02}.Release|x64.Build.0 = Release|Any CPU
		{74B501D7-8D2A-4371-A1A5-D5745D3A9C02}.Release|x86.ActiveCfg = Release|Any CPU
		{74B501D7-8D2A-4371-A1A5-D5745D3A9C02}.Release|x86.Build.0 = Release|Any CPU
		{CB9994FF-0B28-4ADB-9EDF-C4053CB8D8F8}.Debug|Any CPU.ActiveCfg = Debug|Any CPU
		{CB9994FF-0B28-4ADB-9EDF-C4053CB8D8F8}.Debug|Any CPU.Build.0 = Debug|Any CPU
		{CB9994FF-0B28-4ADB-9EDF-C4053CB8D8F8}.Debug|x64.ActiveCfg = Debug|Any CPU
		{CB9994FF-0B28-4ADB-9EDF-C4053CB8D8F8}.Debug|x64.Build.0 = Debug|Any CPU
		{CB9994FF-0B28-4ADB-9EDF-C4053CB8D8F8}.Debug|x86.ActiveCfg = Debug|Any CPU
		{CB9994FF-0B28-4ADB-9EDF-C4053CB8D8F8}.Debug|x86.Build.0 = Debug|Any CPU
		{CB9994FF-0B28-4ADB-9EDF-C4053CB8D8F8}.Release|Any CPU.ActiveCfg = Release|Any CPU
		{CB9994FF-0B28-4ADB-9EDF-C4053CB8D8F8}.Release|Any CPU.Build.0 = Release|Any CPU
		{CB9994FF-0B28-4ADB-9EDF-C4053CB8D8F8}.Release|x64.ActiveCfg = Release|Any CPU
		{CB9994FF-0B28-4ADB-9EDF-C4053CB8D8F8}.Release|x64.Build.0 = Release|Any CPU
		{CB9994FF-0B28-4ADB-9EDF-C4053CB8D8F8}.Release|x86.ActiveCfg = Release|Any CPU
		{CB9994FF-0B28-4ADB-9EDF-C4053CB8D8F8}.Release|x86.Build.0 = Release|Any CPU
		{C33EB577-23C3-4A5E-A754-06AC3D0C6096}.Debug|Any CPU.ActiveCfg = Debug|Any CPU
		{C33EB577-23C3-4A5E-A754-06AC3D0C6096}.Debug|Any CPU.Build.0 = Debug|Any CPU
		{C33EB577-23C3-4A5E-A754-06AC3D0C6096}.Debug|x64.ActiveCfg = Debug|Any CPU
		{C33EB577-23C3-4A5E-A754-06AC3D0C6096}.Debug|x64.Build.0 = Debug|Any CPU
		{C33EB577-23C3-4A5E-A754-06AC3D0C6096}.Debug|x86.ActiveCfg = Debug|Any CPU
		{C33EB577-23C3-4A5E-A754-06AC3D0C6096}.Debug|x86.Build.0 = Debug|Any CPU
		{C33EB577-23C3-4A5E-A754-06AC3D0C6096}.Release|Any CPU.ActiveCfg = Release|Any CPU
		{C33EB577-23C3-4A5E-A754-06AC3D0C6096}.Release|Any CPU.Build.0 = Release|Any CPU
		{C33EB577-23C3-4A5E-A754-06AC3D0C6096}.Release|x64.ActiveCfg = Release|Any CPU
		{C33EB577-23C3-4A5E-A754-06AC3D0C6096}.Release|x64.Build.0 = Release|Any CPU
		{C33EB577-23C3-4A5E-A754-06AC3D0C6096}.Release|x86.ActiveCfg = Release|Any CPU
		{C33EB577-23C3-4A5E-A754-06AC3D0C6096}.Release|x86.Build.0 = Release|Any CPU
		{491DE89A-5D39-4C83-BBB8-1E71E48DEAEA}.Debug|Any CPU.ActiveCfg = Debug|Any CPU
		{491DE89A-5D39-4C83-BBB8-1E71E48DEAEA}.Debug|Any CPU.Build.0 = Debug|Any CPU
		{491DE89A-5D39-4C83-BBB8-1E71E48DEAEA}.Debug|x64.ActiveCfg = Debug|Any CPU
		{491DE89A-5D39-4C83-BBB8-1E71E48DEAEA}.Debug|x64.Build.0 = Debug|Any CPU
		{491DE89A-5D39-4C83-BBB8-1E71E48DEAEA}.Debug|x86.ActiveCfg = Debug|Any CPU
		{491DE89A-5D39-4C83-BBB8-1E71E48DEAEA}.Debug|x86.Build.0 = Debug|Any CPU
		{491DE89A-5D39-4C83-BBB8-1E71E48DEAEA}.Release|Any CPU.ActiveCfg = Release|Any CPU
		{491DE89A-5D39-4C83-BBB8-1E71E48DEAEA}.Release|Any CPU.Build.0 = Release|Any CPU
		{491DE89A-5D39-4C83-BBB8-1E71E48DEAEA}.Release|x64.ActiveCfg = Release|Any CPU
		{491DE89A-5D39-4C83-BBB8-1E71E48DEAEA}.Release|x64.Build.0 = Release|Any CPU
		{491DE89A-5D39-4C83-BBB8-1E71E48DEAEA}.Release|x86.ActiveCfg = Release|Any CPU
		{491DE89A-5D39-4C83-BBB8-1E71E48DEAEA}.Release|x86.Build.0 = Release|Any CPU
		{1CF339E2-BEDD-435F-9021-7352DE941097}.Debug|Any CPU.ActiveCfg = Debug|Any CPU
		{1CF339E2-BEDD-435F-9021-7352DE941097}.Debug|Any CPU.Build.0 = Debug|Any CPU
		{1CF339E2-BEDD-435F-9021-7352DE941097}.Debug|x64.ActiveCfg = Debug|Any CPU
		{1CF339E2-BEDD-435F-9021-7352DE941097}.Debug|x64.Build.0 = Debug|Any CPU
		{1CF339E2-BEDD-435F-9021-7352DE941097}.Debug|x86.ActiveCfg = Debug|Any CPU
		{1CF339E2-BEDD-435F-9021-7352DE941097}.Debug|x86.Build.0 = Debug|Any CPU
		{1CF339E2-BEDD-435F-9021-7352DE941097}.Release|Any CPU.ActiveCfg = Release|Any CPU
		{1CF339E2-BEDD-435F-9021-7352DE941097}.Release|Any CPU.Build.0 = Release|Any CPU
		{1CF339E2-BEDD-435F-9021-7352DE941097}.Release|x64.ActiveCfg = Release|Any CPU
		{1CF339E2-BEDD-435F-9021-7352DE941097}.Release|x64.Build.0 = Release|Any CPU
		{1CF339E2-BEDD-435F-9021-7352DE941097}.Release|x86.ActiveCfg = Release|Any CPU
		{1CF339E2-BEDD-435F-9021-7352DE941097}.Release|x86.Build.0 = Release|Any CPU
		{82B25717-BDCC-4A33-A6CA-7D32B4FE0C41}.Debug|Any CPU.ActiveCfg = Debug|Any CPU
		{82B25717-BDCC-4A33-A6CA-7D32B4FE0C41}.Debug|Any CPU.Build.0 = Debug|Any CPU
		{82B25717-BDCC-4A33-A6CA-7D32B4FE0C41}.Debug|x64.ActiveCfg = Debug|Any CPU
		{82B25717-BDCC-4A33-A6CA-7D32B4FE0C41}.Debug|x64.Build.0 = Debug|Any CPU
		{82B25717-BDCC-4A33-A6CA-7D32B4FE0C41}.Debug|x86.ActiveCfg = Debug|Any CPU
		{82B25717-BDCC-4A33-A6CA-7D32B4FE0C41}.Debug|x86.Build.0 = Debug|Any CPU
		{82B25717-BDCC-4A33-A6CA-7D32B4FE0C41}.Release|Any CPU.ActiveCfg = Release|Any CPU
		{82B25717-BDCC-4A33-A6CA-7D32B4FE0C41}.Release|Any CPU.Build.0 = Release|Any CPU
		{82B25717-BDCC-4A33-A6CA-7D32B4FE0C41}.Release|x64.ActiveCfg = Release|Any CPU
		{82B25717-BDCC-4A33-A6CA-7D32B4FE0C41}.Release|x64.Build.0 = Release|Any CPU
		{82B25717-BDCC-4A33-A6CA-7D32B4FE0C41}.Release|x86.ActiveCfg = Release|Any CPU
		{82B25717-BDCC-4A33-A6CA-7D32B4FE0C41}.Release|x86.Build.0 = Release|Any CPU
		{0A8E0877-AB1F-40F0-A01E-8B04453389AA}.Debug|Any CPU.ActiveCfg = Debug|Any CPU
		{0A8E0877-AB1F-40F0-A01E-8B04453389AA}.Debug|Any CPU.Build.0 = Debug|Any CPU
		{0A8E0877-AB1F-40F0-A01E-8B04453389AA}.Debug|x64.ActiveCfg = Debug|Any CPU
		{0A8E0877-AB1F-40F0-A01E-8B04453389AA}.Debug|x64.Build.0 = Debug|Any CPU
		{0A8E0877-AB1F-40F0-A01E-8B04453389AA}.Debug|x86.ActiveCfg = Debug|Any CPU
		{0A8E0877-AB1F-40F0-A01E-8B04453389AA}.Debug|x86.Build.0 = Debug|Any CPU
		{0A8E0877-AB1F-40F0-A01E-8B04453389AA}.Release|Any CPU.ActiveCfg = Release|Any CPU
		{0A8E0877-AB1F-40F0-A01E-8B04453389AA}.Release|Any CPU.Build.0 = Release|Any CPU
		{0A8E0877-AB1F-40F0-A01E-8B04453389AA}.Release|x64.ActiveCfg = Release|Any CPU
		{0A8E0877-AB1F-40F0-A01E-8B04453389AA}.Release|x64.Build.0 = Release|Any CPU
		{0A8E0877-AB1F-40F0-A01E-8B04453389AA}.Release|x86.ActiveCfg = Release|Any CPU
		{0A8E0877-AB1F-40F0-A01E-8B04453389AA}.Release|x86.Build.0 = Release|Any CPU
		{85C177FC-5BF7-43D7-A3E8-30B620539E41}.Debug|Any CPU.ActiveCfg = Debug|Any CPU
		{85C177FC-5BF7-43D7-A3E8-30B620539E41}.Debug|Any CPU.Build.0 = Debug|Any CPU
		{85C177FC-5BF7-43D7-A3E8-30B620539E41}.Debug|x64.ActiveCfg = Debug|Any CPU
		{85C177FC-5BF7-43D7-A3E8-30B620539E41}.Debug|x64.Build.0 = Debug|Any CPU
		{85C177FC-5BF7-43D7-A3E8-30B620539E41}.Debug|x86.ActiveCfg = Debug|Any CPU
		{85C177FC-5BF7-43D7-A3E8-30B620539E41}.Debug|x86.Build.0 = Debug|Any CPU
		{85C177FC-5BF7-43D7-A3E8-30B620539E41}.Release|Any CPU.ActiveCfg = Release|Any CPU
		{85C177FC-5BF7-43D7-A3E8-30B620539E41}.Release|Any CPU.Build.0 = Release|Any CPU
		{85C177FC-5BF7-43D7-A3E8-30B620539E41}.Release|x64.ActiveCfg = Release|Any CPU
		{85C177FC-5BF7-43D7-A3E8-30B620539E41}.Release|x64.Build.0 = Release|Any CPU
		{85C177FC-5BF7-43D7-A3E8-30B620539E41}.Release|x86.ActiveCfg = Release|Any CPU
		{85C177FC-5BF7-43D7-A3E8-30B620539E41}.Release|x86.Build.0 = Release|Any CPU
		{2BF055A8-619B-42DC-AF79-93DFE78A20F5}.Debug|Any CPU.ActiveCfg = Debug|Any CPU
		{2BF055A8-619B-42DC-AF79-93DFE78A20F5}.Debug|Any CPU.Build.0 = Debug|Any CPU
		{2BF055A8-619B-42DC-AF79-93DFE78A20F5}.Debug|x64.ActiveCfg = Debug|Any CPU
		{2BF055A8-619B-42DC-AF79-93DFE78A20F5}.Debug|x64.Build.0 = Debug|Any CPU
		{2BF055A8-619B-42DC-AF79-93DFE78A20F5}.Debug|x86.ActiveCfg = Debug|Any CPU
		{2BF055A8-619B-42DC-AF79-93DFE78A20F5}.Debug|x86.Build.0 = Debug|Any CPU
		{2BF055A8-619B-42DC-AF79-93DFE78A20F5}.Release|Any CPU.ActiveCfg = Release|Any CPU
		{2BF055A8-619B-42DC-AF79-93DFE78A20F5}.Release|Any CPU.Build.0 = Release|Any CPU
		{2BF055A8-619B-42DC-AF79-93DFE78A20F5}.Release|x64.ActiveCfg = Release|Any CPU
		{2BF055A8-619B-42DC-AF79-93DFE78A20F5}.Release|x64.Build.0 = Release|Any CPU
		{2BF055A8-619B-42DC-AF79-93DFE78A20F5}.Release|x86.ActiveCfg = Release|Any CPU
		{2BF055A8-619B-42DC-AF79-93DFE78A20F5}.Release|x86.Build.0 = Release|Any CPU
		{158EDF7D-F37F-487D-9EFB-4A8AA568A449}.Debug|Any CPU.ActiveCfg = Debug|Any CPU
		{158EDF7D-F37F-487D-9EFB-4A8AA568A449}.Debug|Any CPU.Build.0 = Debug|Any CPU
		{158EDF7D-F37F-487D-9EFB-4A8AA568A449}.Debug|x64.ActiveCfg = Debug|Any CPU
		{158EDF7D-F37F-487D-9EFB-4A8AA568A449}.Debug|x64.Build.0 = Debug|Any CPU
		{158EDF7D-F37F-487D-9EFB-4A8AA568A449}.Debug|x86.ActiveCfg = Debug|Any CPU
		{158EDF7D-F37F-487D-9EFB-4A8AA568A449}.Debug|x86.Build.0 = Debug|Any CPU
		{158EDF7D-F37F-487D-9EFB-4A8AA568A449}.Release|Any CPU.ActiveCfg = Release|Any CPU
		{158EDF7D-F37F-487D-9EFB-4A8AA568A449}.Release|Any CPU.Build.0 = Release|Any CPU
		{158EDF7D-F37F-487D-9EFB-4A8AA568A449}.Release|x64.ActiveCfg = Release|Any CPU
		{158EDF7D-F37F-487D-9EFB-4A8AA568A449}.Release|x64.Build.0 = Release|Any CPU
		{158EDF7D-F37F-487D-9EFB-4A8AA568A449}.Release|x86.ActiveCfg = Release|Any CPU
		{158EDF7D-F37F-487D-9EFB-4A8AA568A449}.Release|x86.Build.0 = Release|Any CPU
		{431F0B64-3A67-4A68-9D3E-FD7278E71EFF}.Debug|Any CPU.ActiveCfg = Debug|Any CPU
		{431F0B64-3A67-4A68-9D3E-FD7278E71EFF}.Debug|Any CPU.Build.0 = Debug|Any CPU
		{431F0B64-3A67-4A68-9D3E-FD7278E71EFF}.Debug|x64.ActiveCfg = Debug|Any CPU
		{431F0B64-3A67-4A68-9D3E-FD7278E71EFF}.Debug|x64.Build.0 = Debug|Any CPU
		{431F0B64-3A67-4A68-9D3E-FD7278E71EFF}.Debug|x86.ActiveCfg = Debug|Any CPU
		{431F0B64-3A67-4A68-9D3E-FD7278E71EFF}.Debug|x86.Build.0 = Debug|Any CPU
		{431F0B64-3A67-4A68-9D3E-FD7278E71EFF}.Release|Any CPU.ActiveCfg = Release|Any CPU
		{431F0B64-3A67-4A68-9D3E-FD7278E71EFF}.Release|Any CPU.Build.0 = Release|Any CPU
		{431F0B64-3A67-4A68-9D3E-FD7278E71EFF}.Release|x64.ActiveCfg = Release|Any CPU
		{431F0B64-3A67-4A68-9D3E-FD7278E71EFF}.Release|x64.Build.0 = Release|Any CPU
		{431F0B64-3A67-4A68-9D3E-FD7278E71EFF}.Release|x86.ActiveCfg = Release|Any CPU
		{431F0B64-3A67-4A68-9D3E-FD7278E71EFF}.Release|x86.Build.0 = Release|Any CPU
		{B85CA8BA-32B5-4FF7-AEC2-186DF92AED40}.Debug|Any CPU.ActiveCfg = Debug|Any CPU
		{B85CA8BA-32B5-4FF7-AEC2-186DF92AED40}.Debug|Any CPU.Build.0 = Debug|Any CPU
		{B85CA8BA-32B5-4FF7-AEC2-186DF92AED40}.Debug|x64.ActiveCfg = Debug|Any CPU
		{B85CA8BA-32B5-4FF7-AEC2-186DF92AED40}.Debug|x64.Build.0 = Debug|Any CPU
		{B85CA8BA-32B5-4FF7-AEC2-186DF92AED40}.Debug|x86.ActiveCfg = Debug|Any CPU
		{B85CA8BA-32B5-4FF7-AEC2-186DF92AED40}.Debug|x86.Build.0 = Debug|Any CPU
		{B85CA8BA-32B5-4FF7-AEC2-186DF92AED40}.Release|Any CPU.ActiveCfg = Release|Any CPU
		{B85CA8BA-32B5-4FF7-AEC2-186DF92AED40}.Release|Any CPU.Build.0 = Release|Any CPU
		{B85CA8BA-32B5-4FF7-AEC2-186DF92AED40}.Release|x64.ActiveCfg = Release|Any CPU
		{B85CA8BA-32B5-4FF7-AEC2-186DF92AED40}.Release|x64.Build.0 = Release|Any CPU
		{B85CA8BA-32B5-4FF7-AEC2-186DF92AED40}.Release|x86.ActiveCfg = Release|Any CPU
		{B85CA8BA-32B5-4FF7-AEC2-186DF92AED40}.Release|x86.Build.0 = Release|Any CPU
		{FE011693-9920-40B3-B72C-1A97B2777B3B}.Debug|Any CPU.ActiveCfg = Debug|Any CPU
		{FE011693-9920-40B3-B72C-1A97B2777B3B}.Debug|Any CPU.Build.0 = Debug|Any CPU
		{FE011693-9920-40B3-B72C-1A97B2777B3B}.Debug|x64.ActiveCfg = Debug|Any CPU
		{FE011693-9920-40B3-B72C-1A97B2777B3B}.Debug|x64.Build.0 = Debug|Any CPU
		{FE011693-9920-40B3-B72C-1A97B2777B3B}.Debug|x86.ActiveCfg = Debug|Any CPU
		{FE011693-9920-40B3-B72C-1A97B2777B3B}.Debug|x86.Build.0 = Debug|Any CPU
		{FE011693-9920-40B3-B72C-1A97B2777B3B}.Release|Any CPU.ActiveCfg = Release|Any CPU
		{FE011693-9920-40B3-B72C-1A97B2777B3B}.Release|Any CPU.Build.0 = Release|Any CPU
		{FE011693-9920-40B3-B72C-1A97B2777B3B}.Release|x64.ActiveCfg = Release|Any CPU
		{FE011693-9920-40B3-B72C-1A97B2777B3B}.Release|x64.Build.0 = Release|Any CPU
		{FE011693-9920-40B3-B72C-1A97B2777B3B}.Release|x86.ActiveCfg = Release|Any CPU
		{FE011693-9920-40B3-B72C-1A97B2777B3B}.Release|x86.Build.0 = Release|Any CPU
		{74FAE170-98E7-4FF0-995C-1B46E99D07B3}.Debug|Any CPU.ActiveCfg = Debug|Any CPU
		{74FAE170-98E7-4FF0-995C-1B46E99D07B3}.Debug|Any CPU.Build.0 = Debug|Any CPU
		{74FAE170-98E7-4FF0-995C-1B46E99D07B3}.Debug|x64.ActiveCfg = Debug|Any CPU
		{74FAE170-98E7-4FF0-995C-1B46E99D07B3}.Debug|x64.Build.0 = Debug|Any CPU
		{74FAE170-98E7-4FF0-995C-1B46E99D07B3}.Debug|x86.ActiveCfg = Debug|Any CPU
		{74FAE170-98E7-4FF0-995C-1B46E99D07B3}.Debug|x86.Build.0 = Debug|Any CPU
		{74FAE170-98E7-4FF0-995C-1B46E99D07B3}.Release|Any CPU.ActiveCfg = Release|Any CPU
		{74FAE170-98E7-4FF0-995C-1B46E99D07B3}.Release|Any CPU.Build.0 = Release|Any CPU
		{74FAE170-98E7-4FF0-995C-1B46E99D07B3}.Release|x64.ActiveCfg = Release|Any CPU
		{74FAE170-98E7-4FF0-995C-1B46E99D07B3}.Release|x64.Build.0 = Release|Any CPU
		{74FAE170-98E7-4FF0-995C-1B46E99D07B3}.Release|x86.ActiveCfg = Release|Any CPU
		{74FAE170-98E7-4FF0-995C-1B46E99D07B3}.Release|x86.Build.0 = Release|Any CPU
		{95E05D09-33A3-4705-9E1D-267A78599601}.Debug|Any CPU.ActiveCfg = Debug|Any CPU
		{95E05D09-33A3-4705-9E1D-267A78599601}.Debug|Any CPU.Build.0 = Debug|Any CPU
		{95E05D09-33A3-4705-9E1D-267A78599601}.Debug|x64.ActiveCfg = Debug|Any CPU
		{95E05D09-33A3-4705-9E1D-267A78599601}.Debug|x64.Build.0 = Debug|Any CPU
		{95E05D09-33A3-4705-9E1D-267A78599601}.Debug|x86.ActiveCfg = Debug|Any CPU
		{95E05D09-33A3-4705-9E1D-267A78599601}.Debug|x86.Build.0 = Debug|Any CPU
		{95E05D09-33A3-4705-9E1D-267A78599601}.Release|Any CPU.ActiveCfg = Release|Any CPU
		{95E05D09-33A3-4705-9E1D-267A78599601}.Release|Any CPU.Build.0 = Release|Any CPU
		{95E05D09-33A3-4705-9E1D-267A78599601}.Release|x64.ActiveCfg = Release|Any CPU
		{95E05D09-33A3-4705-9E1D-267A78599601}.Release|x64.Build.0 = Release|Any CPU
		{95E05D09-33A3-4705-9E1D-267A78599601}.Release|x86.ActiveCfg = Release|Any CPU
		{95E05D09-33A3-4705-9E1D-267A78599601}.Release|x86.Build.0 = Release|Any CPU
		{DB17EEBB-D6B2-4E8D-A3F5-5934227E8889}.Debug|Any CPU.ActiveCfg = Debug|Any CPU
		{DB17EEBB-D6B2-4E8D-A3F5-5934227E8889}.Debug|Any CPU.Build.0 = Debug|Any CPU
		{DB17EEBB-D6B2-4E8D-A3F5-5934227E8889}.Debug|x64.ActiveCfg = Debug|Any CPU
		{DB17EEBB-D6B2-4E8D-A3F5-5934227E8889}.Debug|x64.Build.0 = Debug|Any CPU
		{DB17EEBB-D6B2-4E8D-A3F5-5934227E8889}.Debug|x86.ActiveCfg = Debug|Any CPU
		{DB17EEBB-D6B2-4E8D-A3F5-5934227E8889}.Debug|x86.Build.0 = Debug|Any CPU
		{DB17EEBB-D6B2-4E8D-A3F5-5934227E8889}.Release|Any CPU.ActiveCfg = Release|Any CPU
		{DB17EEBB-D6B2-4E8D-A3F5-5934227E8889}.Release|Any CPU.Build.0 = Release|Any CPU
		{DB17EEBB-D6B2-4E8D-A3F5-5934227E8889}.Release|x64.ActiveCfg = Release|Any CPU
		{DB17EEBB-D6B2-4E8D-A3F5-5934227E8889}.Release|x64.Build.0 = Release|Any CPU
		{DB17EEBB-D6B2-4E8D-A3F5-5934227E8889}.Release|x86.ActiveCfg = Release|Any CPU
		{DB17EEBB-D6B2-4E8D-A3F5-5934227E8889}.Release|x86.Build.0 = Release|Any CPU
	EndGlobalSection
	GlobalSection(SolutionProperties) = preSolution
		HideSolutionNode = FALSE
	EndGlobalSection
	GlobalSection(NestedProjects) = preSolution
		{D0B0366E-4D4E-4D6F-9AB8-880B47F38481} = {D74FB73E-39FD-4193-B820-077FC4E5F868}
		{AA999F98-A54D-4FCA-8F31-8C93365F9C6B} = {D74FB73E-39FD-4193-B820-077FC4E5F868}
		{CBB292AF-B27D-44B9-A5B8-AC873D3B18E8} = {D74FB73E-39FD-4193-B820-077FC4E5F868}
		{6F9C78A8-D2B3-40B7-BF22-CA931E3BC998} = {D74FB73E-39FD-4193-B820-077FC4E5F868}
		{D3213F66-EEAC-43AA-9230-4C46FA9F7B31} = {5EDA7B66-1679-47A4-BDDB-8E3F021690F2}
		{AA9F9E68-E34A-4246-82C6-A89E6A9C304E} = {5EDA7B66-1679-47A4-BDDB-8E3F021690F2}
		{6F6D9E6D-4605-4F35-AF7D-873C9961E2D2} = {44B1BF6F-9629-4CC3-9483-2BECA11AC2E7}
		{59086006-6A05-4810-8B03-E4B19A58A63F} = {44B1BF6F-9629-4CC3-9483-2BECA11AC2E7}
		{90F14522-D6A5-453A-914A-A461790E5288} = {44B1BF6F-9629-4CC3-9483-2BECA11AC2E7}
		{C90C5F71-C32A-452D-AFE3-12D3EB7F578E} = {44B1BF6F-9629-4CC3-9483-2BECA11AC2E7}
		{65524003-8089-40E6-A929-507059DE0FBE} = {44B1BF6F-9629-4CC3-9483-2BECA11AC2E7}
		{BA3D2BDB-0C92-4AEA-990C-8B3BA09A9B14} = {44B1BF6F-9629-4CC3-9483-2BECA11AC2E7}
		{6C6701B1-FE9F-42C5-BBDF-C9DC3439C9CD} = {44B1BF6F-9629-4CC3-9483-2BECA11AC2E7}
		{74B501D7-8D2A-4371-A1A5-D5745D3A9C02} = {44B1BF6F-9629-4CC3-9483-2BECA11AC2E7}
		{CB9994FF-0B28-4ADB-9EDF-C4053CB8D8F8} = {44B1BF6F-9629-4CC3-9483-2BECA11AC2E7}
		{C33EB577-23C3-4A5E-A754-06AC3D0C6096} = {44B1BF6F-9629-4CC3-9483-2BECA11AC2E7}
		{491DE89A-5D39-4C83-BBB8-1E71E48DEAEA} = {44B1BF6F-9629-4CC3-9483-2BECA11AC2E7}
		{1CF339E2-BEDD-435F-9021-7352DE941097} = {44B1BF6F-9629-4CC3-9483-2BECA11AC2E7}
		{82B25717-BDCC-4A33-A6CA-7D32B4FE0C41} = {44B1BF6F-9629-4CC3-9483-2BECA11AC2E7}
		{0A8E0877-AB1F-40F0-A01E-8B04453389AA} = {44B1BF6F-9629-4CC3-9483-2BECA11AC2E7}
		{85C177FC-5BF7-43D7-A3E8-30B620539E41} = {44B1BF6F-9629-4CC3-9483-2BECA11AC2E7}
		{2BF055A8-619B-42DC-AF79-93DFE78A20F5} = {44B1BF6F-9629-4CC3-9483-2BECA11AC2E7}
		{158EDF7D-F37F-487D-9EFB-4A8AA568A449} = {44B1BF6F-9629-4CC3-9483-2BECA11AC2E7}
		{431F0B64-3A67-4A68-9D3E-FD7278E71EFF} = {44B1BF6F-9629-4CC3-9483-2BECA11AC2E7}
		{B85CA8BA-32B5-4FF7-AEC2-186DF92AED40} = {44B1BF6F-9629-4CC3-9483-2BECA11AC2E7}
		{FE011693-9920-40B3-B72C-1A97B2777B3B} = {44B1BF6F-9629-4CC3-9483-2BECA11AC2E7}
		{74FAE170-98E7-4FF0-995C-1B46E99D07B3} = {44B1BF6F-9629-4CC3-9483-2BECA11AC2E7}
		{95E05D09-33A3-4705-9E1D-267A78599601} = {44B1BF6F-9629-4CC3-9483-2BECA11AC2E7}
		{DB17EEBB-D6B2-4E8D-A3F5-5934227E8889} = {44B1BF6F-9629-4CC3-9483-2BECA11AC2E7}
	EndGlobalSection
	GlobalSection(ExtensibilityGlobals) = postSolution
		SolutionGuid = {9192F232-0698-4F1C-8943-0D011902D701}
	EndGlobalSection
EndGlobal
